
Microsoft Visual Studio Solution File, Format Version 12.00
Project("{FAE04EC0-301F-11D3-BF4B-00C04F79EFBC}") = "MediatorLib", "MediatorLib\MediatorLib.csproj", "{FA1EE226-D406-4C23-9FBC-8ADC54FE7F08}"
EndProject
Global
	GlobalSection(SolutionConfigurationPlatforms) = preSolution
		Debug|Any CPU = Debug|Any CPU
		Release|Any CPU = Release|Any CPU
	EndGlobalSection
	GlobalSection(ProjectConfigurationPlatforms) = postSolution
		{FA1EE226-D406-4C23-9FBC-8ADC54FE7F08}.Debug|Any CPU.ActiveCfg = Debug|Any CPU
		{FA1EE226-D406-4C23-9FBC-8ADC54FE7F08}.Debug|Any CPU.Build.0 = Debug|Any CPU
		{FA1EE226-D406-4C23-9FBC-8ADC54FE7F08}.Release|Any CPU.ActiveCfg = Release|Any CPU
		{FA1EE226-D406-4C23-9FBC-8ADC54FE7F08}.Release|Any CPU.Build.0 = Release|Any CPU
	EndGlobalSection
EndGlobal
